
Microsoft Visual Studio Solution File, Format Version 12.00
# Visual Studio Version 17
VisualStudioVersion = 17.2.32630.192
MinimumVisualStudioVersion = 10.0.40219.1
Project("{9A19103F-16F7-4668-BE54-9A1E7A4F7556}") = "PizzaShop.WebUI", "PizzaShop.WebUI\PizzaShop.WebUI.csproj", "{A8CC835B-31A3-4C7E-8698-B81A78CEF0F4}"
EndProject
Project("{9A19103F-16F7-4668-BE54-9A1E7A4F7556}") = "PizzaShop.Domain", "PizzaShop.Domain\PizzaShop.Domain.csproj", "{9C815784-E1E7-42A0-BD48-D522F81704B7}"
EndProject
Project("{9A19103F-16F7-4668-BE54-9A1E7A4F7556}") = "PizzaShop.Infrastructure", "PizzaShop.Infrastructure\PizzaShop.Infrastructure.csproj", "{A40F5919-544D-499B-9AD2-5A74665DBAFD}"
EndProject
Project("{9A19103F-16F7-4668-BE54-9A1E7A4F7556}") = "PizzaShop.Test", "PizzaShop.Test\PizzaShop.Test.csproj", "{87AF6599-2F2B-43FE-8858-866F4B66E496}"
EndProject
Project("{9A19103F-16F7-4668-BE54-9A1E7A4F7556}") = "PizzaShop.IdentityServer", "PizzaShop.IdentityServer\PizzaShop.IdentityServer.csproj", "{4E9A47E3-80C7-4FDC-AFCD-C0825CCC1267}"
EndProject
Project("{FAE04EC0-301F-11D3-BF4B-00C04F79EFBC}") = "PizzaShop.WebApi", "PizzaShop.WebApi\PizzaShop.WebApi.csproj", "{585F17BB-527D-4D48-9B00-55DE8F8465CA}"
EndProject
Global
	GlobalSection(SolutionConfigurationPlatforms) = preSolution
		Debug|Any CPU = Debug|Any CPU
		Release|Any CPU = Release|Any CPU
	EndGlobalSection
	GlobalSection(ProjectConfigurationPlatforms) = postSolution
		{A8CC835B-31A3-4C7E-8698-B81A78CEF0F4}.Debug|Any CPU.ActiveCfg = Debug|Any CPU
		{A8CC835B-31A3-4C7E-8698-B81A78CEF0F4}.Debug|Any CPU.Build.0 = Debug|Any CPU
		{A8CC835B-31A3-4C7E-8698-B81A78CEF0F4}.Release|Any CPU.ActiveCfg = Release|Any CPU
		{A8CC835B-31A3-4C7E-8698-B81A78CEF0F4}.Release|Any CPU.Build.0 = Release|Any CPU
		{9C815784-E1E7-42A0-BD48-D522F81704B7}.Debug|Any CPU.ActiveCfg = Debug|Any CPU
		{9C815784-E1E7-42A0-BD48-D522F81704B7}.Debug|Any CPU.Build.0 = Debug|Any CPU
		{9C815784-E1E7-42A0-BD48-D522F81704B7}.Release|Any CPU.ActiveCfg = Release|Any CPU
		{9C815784-E1E7-42A0-BD48-D522F81704B7}.Release|Any CPU.Build.0 = Release|Any CPU
		{A40F5919-544D-499B-9AD2-5A74665DBAFD}.Debug|Any CPU.ActiveCfg = Debug|Any CPU
		{A40F5919-544D-499B-9AD2-5A74665DBAFD}.Debug|Any CPU.Build.0 = Debug|Any CPU
		{A40F5919-544D-499B-9AD2-5A74665DBAFD}.Release|Any CPU.ActiveCfg = Release|Any CPU
		{A40F5919-544D-499B-9AD2-5A74665DBAFD}.Release|Any CPU.Build.0 = Release|Any CPU
		{87AF6599-2F2B-43FE-8858-866F4B66E496}.Debug|Any CPU.ActiveCfg = Debug|Any CPU
		{87AF6599-2F2B-43FE-8858-866F4B66E496}.Debug|Any CPU.Build.0 = Debug|Any CPU
		{87AF6599-2F2B-43FE-8858-866F4B66E496}.Release|Any CPU.ActiveCfg = Release|Any CPU
		{87AF6599-2F2B-43FE-8858-866F4B66E496}.Release|Any CPU.Build.0 = Release|Any CPU
		{4E9A47E3-80C7-4FDC-AFCD-C0825CCC1267}.Debug|Any CPU.ActiveCfg = Debug|Any CPU
		{4E9A47E3-80C7-4FDC-AFCD-C0825CCC1267}.Debug|Any CPU.Build.0 = Debug|Any CPU
		{4E9A47E3-80C7-4FDC-AFCD-C0825CCC1267}.Release|Any CPU.ActiveCfg = Release|Any CPU
		{4E9A47E3-80C7-4FDC-AFCD-C0825CCC1267}.Release|Any CPU.Build.0 = Release|Any CPU
		{585F17BB-527D-4D48-9B00-55DE8F8465CA}.Debug|Any CPU.ActiveCfg = Debug|Any CPU
		{585F17BB-527D-4D48-9B00-55DE8F8465CA}.Debug|Any CPU.Build.0 = Debug|Any CPU
		{585F17BB-527D-4D48-9B00-55DE8F8465CA}.Release|Any CPU.ActiveCfg = Release|Any CPU
		{585F17BB-527D-4D48-9B00-55DE8F8465CA}.Release|Any CPU.Build.0 = Release|Any CPU
	EndGlobalSection
	GlobalSection(SolutionProperties) = preSolution
		HideSolutionNode = FALSE
	EndGlobalSection
	GlobalSection(ExtensibilityGlobals) = postSolution
		SolutionGuid = {5F17C12A-4523-4E43-B4E7-49EAC46E002B}
	EndGlobalSection
EndGlobal
